
Microsoft Visual Studio Solution File, Format Version 12.00
# Visual Studio Version 17
VisualStudioVersion = 17.5.002.0
MinimumVisualStudioVersion = 10.0.40219.1
Project("{9A19103F-16F7-4668-BE54-9A1E7A4F7556}") = "csharpVariables", "csharpVariables.csproj", "{67A7DD74-C80C-4CBB-8CF4-B7665E3370F5}"
EndProject
Global
	GlobalSection(SolutionConfigurationPlatforms) = preSolution
		Debug|Any CPU = Debug|Any CPU
		Release|Any CPU = Release|Any CPU
	EndGlobalSection
	GlobalSection(ProjectConfigurationPlatforms) = postSolution
		{67A7DD74-C80C-4CBB-8CF4-B7665E3370F5}.Debug|Any CPU.ActiveCfg = Debug|Any CPU
		{67A7DD74-C80C-4CBB-8CF4-B7665E3370F5}.Debug|Any CPU.Build.0 = Debug|Any CPU
		{67A7DD74-C80C-4CBB-8CF4-B7665E3370F5}.Release|Any CPU.ActiveCfg = Release|Any CPU
		{67A7DD74-C80C-4CBB-8CF4-B7665E3370F5}.Release|Any CPU.Build.0 = Release|Any CPU
	EndGlobalSection
	GlobalSection(SolutionProperties) = preSolution
		HideSolutionNode = FALSE
	EndGlobalSection
	GlobalSection(ExtensibilityGlobals) = postSolution
		SolutionGuid = {BF60F2A0-F681-41AF-AFBF-828F78CC2840}
	EndGlobalSection
EndGlobal
